
Microsoft Visual Studio Solution File, Format Version 12.00
Project("{FAE04EC0-301F-11D3-BF4B-00C04F79EFBC}") = "DataStructures", "DataStructures\DataStructures.csproj", "{E727C86C-58B5-4EED-95E8-5A543D85F093}"
EndProject
Project("{FAE04EC0-301F-11D3-BF4B-00C04F79EFBC}") = "Console", "Console\Console.csproj", "{10CFCD8F-EBCA-4E3E-ACE8-1912F99DC5A9}"
EndProject
Global
	GlobalSection(SolutionConfigurationPlatforms) = preSolution
		Debug|Any CPU = Debug|Any CPU
		Release|Any CPU = Release|Any CPU
	EndGlobalSection
	GlobalSection(ProjectConfigurationPlatforms) = postSolution
		{E727C86C-58B5-4EED-95E8-5A543D85F093}.Debug|Any CPU.ActiveCfg = Debug|Any CPU
		{E727C86C-58B5-4EED-95E8-5A543D85F093}.Debug|Any CPU.Build.0 = Debug|Any CPU
		{E727C86C-58B5-4EED-95E8-5A543D85F093}.Release|Any CPU.ActiveCfg = Release|Any CPU
		{E727C86C-58B5-4EED-95E8-5A543D85F093}.Release|Any CPU.Build.0 = Release|Any CPU
		{10CFCD8F-EBCA-4E3E-ACE8-1912F99DC5A9}.Debug|Any CPU.ActiveCfg = Debug|Any CPU
		{10CFCD8F-EBCA-4E3E-ACE8-1912F99DC5A9}.Debug|Any CPU.Build.0 = Debug|Any CPU
		{10CFCD8F-EBCA-4E3E-ACE8-1912F99DC5A9}.Release|Any CPU.ActiveCfg = Release|Any CPU
		{10CFCD8F-EBCA-4E3E-ACE8-1912F99DC5A9}.Release|Any CPU.Build.0 = Release|Any CPU
	EndGlobalSection
EndGlobal
